
Microsoft Visual Studio Solution File, Format Version 12.00
# Visual Studio Version 17
VisualStudioVersion = 17.0.31919.166
MinimumVisualStudioVersion = 10.0.40219.1
Project("{9A19103F-16F7-4668-BE54-9A1E7A4F7556}") = "CommandLine", "src\CommandLine\CommandLine.csproj", "{8D7CB06B-C03A-4AC0-B4E7-7D9549146F72}"
EndProject
Project("{2150E333-8FDC-42A3-9474-1A3956D46DE8}") = "deploy", "deploy", "{749452B4-5415-4ABE-A691-70718DDED23F}"
	ProjectSection(SolutionItems) = preProject
		deploy\PublishToLocal.ps1 = deploy\PublishToLocal.ps1
	EndProjectSection
EndProject
Project("{9A19103F-16F7-4668-BE54-9A1E7A4F7556}") = "CodeGenerator", "src\CodeGenerator\CodeGenerator.csproj", "{4D08D738-532E-449D-9A82-D4DAFF850A70}"
EndProject
Project("{9A19103F-16F7-4668-BE54-9A1E7A4F7556}") = "Studio", "src\Studio\Studio.csproj", "{D6A73F3B-0D36-4966-806B-54240A8D52B7}"
EndProject
Project("{9A19103F-16F7-4668-BE54-9A1E7A4F7556}") = "CodeGenerator.Test", "test\CodeGenerator.Test\CodeGenerator.Test.csproj", "{E3E260FF-754A-4537-B970-C16E99B0D2D2}"
EndProject
Project("{2150E333-8FDC-42A3-9474-1A3956D46DE8}") = "test", "test", "{515B562C-50CC-47AA-AF1C-B6B7439F3AA2}"
EndProject
Project("{2150E333-8FDC-42A3-9474-1A3956D46DE8}") = "src", "src", "{CDCC6D66-4D37-4EAC-BCAA-BEB1993ABCD5}"
EndProject
Project("{9A19103F-16F7-4668-BE54-9A1E7A4F7556}") = "CommandLine.Test", "test\CommandLine.Test\CommandLine.Test.csproj", "{4AA618E1-7DDD-4004-8E28-4C4257973DC4}"
EndProject
Project("{FAE04EC0-301F-11D3-BF4B-00C04F79EFBC}") = "AterStudio", "src\AterStudio\AterStudio.csproj", "{43AFAB1F-9034-4D0B-838E-ADA5787DB9F2}"
EndProject
Global
	GlobalSection(SolutionConfigurationPlatforms) = preSolution
		Debug|Any CPU = Debug|Any CPU
		Release|Any CPU = Release|Any CPU
	EndGlobalSection
	GlobalSection(ProjectConfigurationPlatforms) = postSolution
		{8D7CB06B-C03A-4AC0-B4E7-7D9549146F72}.Debug|Any CPU.ActiveCfg = Debug|Any CPU
		{8D7CB06B-C03A-4AC0-B4E7-7D9549146F72}.Debug|Any CPU.Build.0 = Debug|Any CPU
		{8D7CB06B-C03A-4AC0-B4E7-7D9549146F72}.Release|Any CPU.ActiveCfg = Release|Any CPU
		{8D7CB06B-C03A-4AC0-B4E7-7D9549146F72}.Release|Any CPU.Build.0 = Release|Any CPU
		{4D08D738-532E-449D-9A82-D4DAFF850A70}.Debug|Any CPU.ActiveCfg = Debug|Any CPU
		{4D08D738-532E-449D-9A82-D4DAFF850A70}.Debug|Any CPU.Build.0 = Debug|Any CPU
		{4D08D738-532E-449D-9A82-D4DAFF850A70}.Release|Any CPU.ActiveCfg = Release|Any CPU
		{4D08D738-532E-449D-9A82-D4DAFF850A70}.Release|Any CPU.Build.0 = Release|Any CPU
		{D6A73F3B-0D36-4966-806B-54240A8D52B7}.Debug|Any CPU.ActiveCfg = Debug|Any CPU
		{D6A73F3B-0D36-4966-806B-54240A8D52B7}.Debug|Any CPU.Build.0 = Debug|Any CPU
		{D6A73F3B-0D36-4966-806B-54240A8D52B7}.Release|Any CPU.ActiveCfg = Release|Any CPU
		{D6A73F3B-0D36-4966-806B-54240A8D52B7}.Release|Any CPU.Build.0 = Release|Any CPU
		{E3E260FF-754A-4537-B970-C16E99B0D2D2}.Debug|Any CPU.ActiveCfg = Debug|Any CPU
		{E3E260FF-754A-4537-B970-C16E99B0D2D2}.Debug|Any CPU.Build.0 = Debug|Any CPU
		{E3E260FF-754A-4537-B970-C16E99B0D2D2}.Release|Any CPU.ActiveCfg = Release|Any CPU
		{E3E260FF-754A-4537-B970-C16E99B0D2D2}.Release|Any CPU.Build.0 = Release|Any CPU
		{4AA618E1-7DDD-4004-8E28-4C4257973DC4}.Debug|Any CPU.ActiveCfg = Debug|Any CPU
		{4AA618E1-7DDD-4004-8E28-4C4257973DC4}.Debug|Any CPU.Build.0 = Debug|Any CPU
		{4AA618E1-7DDD-4004-8E28-4C4257973DC4}.Release|Any CPU.ActiveCfg = Release|Any CPU
		{4AA618E1-7DDD-4004-8E28-4C4257973DC4}.Release|Any CPU.Build.0 = Release|Any CPU
		{43AFAB1F-9034-4D0B-838E-ADA5787DB9F2}.Debug|Any CPU.ActiveCfg = Debug|Any CPU
		{43AFAB1F-9034-4D0B-838E-ADA5787DB9F2}.Debug|Any CPU.Build.0 = Debug|Any CPU
		{43AFAB1F-9034-4D0B-838E-ADA5787DB9F2}.Release|Any CPU.ActiveCfg = Release|Any CPU
		{43AFAB1F-9034-4D0B-838E-ADA5787DB9F2}.Release|Any CPU.Build.0 = Release|Any CPU
	EndGlobalSection
	GlobalSection(SolutionProperties) = preSolution
		HideSolutionNode = FALSE
	EndGlobalSection
	GlobalSection(NestedProjects) = preSolution
		{8D7CB06B-C03A-4AC0-B4E7-7D9549146F72} = {CDCC6D66-4D37-4EAC-BCAA-BEB1993ABCD5}
		{4D08D738-532E-449D-9A82-D4DAFF850A70} = {CDCC6D66-4D37-4EAC-BCAA-BEB1993ABCD5}
		{D6A73F3B-0D36-4966-806B-54240A8D52B7} = {CDCC6D66-4D37-4EAC-BCAA-BEB1993ABCD5}
		{E3E260FF-754A-4537-B970-C16E99B0D2D2} = {515B562C-50CC-47AA-AF1C-B6B7439F3AA2}
		{4AA618E1-7DDD-4004-8E28-4C4257973DC4} = {515B562C-50CC-47AA-AF1C-B6B7439F3AA2}
		{43AFAB1F-9034-4D0B-838E-ADA5787DB9F2} = {CDCC6D66-4D37-4EAC-BCAA-BEB1993ABCD5}
	EndGlobalSection
	GlobalSection(ExtensibilityGlobals) = postSolution
		SolutionGuid = {DCD2B5A8-1636-4B1E-91B1-DF55905DBA0D}
	EndGlobalSection
EndGlobal
