<Solution>
  <Folder Name="/scripts/" Id="6dec682d-5f0d-1973-951c-0b9630672490">
    <File Path="scripts/CheckSharedDlls.ps1" />
    <File Path="scripts/installTemplate.ps1" />
    <File Path="scripts/PublishToLocal.ps1" />
    <File Path="scripts/SetVersion.ps1" />
  </Folder>
  <Folder Name="/Solution Items/">
    <File Path=".editorconfig" />
    <File Path=".github/copilot-instructions.md" />
    <File Path=".mcp.json" />
    <File Path="Directory.Packages.props" />
    <File Path="README.md" />
    <File Path="README_en.md" />
  </Folder>
  <Folder Name="/src/">
    <Project Path="src/Core/Core.csproj" Id="1e7bec10-4ecd-4d6e-b653-40de55162da2" />
    <Project Path="src\Command\CommandLine\CommandLine.csproj" />
  </Folder>

  <Folder Name="/src/Definition/">
    <Project Path="src/Definition/DataContext/DataContext.csproj" />
    <Project Path="src\Definition\CodeGenerator\CodeGenerator.csproj" />
    <Project Path="src\Definition\Entity\Entity.csproj" />
    <Project Path="src\Definition\Share\Share.csproj" />
  </Folder>
  <Folder Name="/src/Modules/">
    <Project Path="src\Modules\StudioMod\StudioMod.csproj" />
  </Folder>
  <Folder Name="/src/Services/">
    <Project Path="src\Services\AterStudio\AterStudio.csproj" />
  </Folder>
  <Folder Name="/tests/">
    <Project Path="tests/StudioMod.Tests/StudioMod.Tests.csproj" />
  </Folder>

</Solution>