lockfileVersion: '9.0'

settings:
  autoInstallPeers: true
  excludeLinksFromLockfile: false

importers:

  .:
    dependencies:
      node-api-dotnet:
        specifier: ^0.7.34
        version: 0.7.34

packages:

  node-api-dotnet@0.7.34:
    resolution: {integrity: sha512-L/BA4CPVtUj2Z0+st7zGUL8x50gk5+40U8BC3c6DFwxQdqAWAM9q0nCeqFlfb2AX7UYN6wzsgwf8f6WcVzma1Q==}

snapshots:

  node-api-dotnet@0.7.34: {}
