lockfileVersion: '9.0'

settings:
  autoInstallPeers: true
  excludeLinksFromLockfile: false

importers:

  .:
    dependencies:
      commander:
        specifier: ^12.1.0
        version: 12.1.0
      node-api-dotnet:
        specifier: ^0.7.34
        version: 0.7.34

packages:

  commander@12.1.0:
    resolution: {integrity: sha512-Vw8qHK3bZM9y/P10u3Vib8o/DdkvA2OtPtZvD871QKjy74Wj1WSKFILMPRPSdUSx5RFK1arlJzEtA4PkFgnbuA==}
    engines: {node: '>=18'}

  node-api-dotnet@0.7.34:
    resolution: {integrity: sha512-L/BA4CPVtUj2Z0+st7zGUL8x50gk5+40U8BC3c6DFwxQdqAWAM9q0nCeqFlfb2AX7UYN6wzsgwf8f6WcVzma1Q==}

snapshots:

  commander@12.1.0: {}

  node-api-dotnet@0.7.34: {}
